
Microsoft Visual Studio Solution File, Format Version 12.00
# Visual Studio 15
VisualStudioVersion = 15.0.27130.2027
MinimumVisualStudioVersion = 10.0.40219.1
Project("{FAE04EC0-301F-11D3-BF4B-00C04F79EFBC}") = "PerimArea", "PerimArea\PerimArea.csproj", "{C1EDCB14-4478-4120-98E1-41BFEDBCD9D5}"
EndProject
Global
	GlobalSection(SolutionConfigurationPlatforms) = preSolution
		Debug|Any CPU = Debug|Any CPU
		Release|Any CPU = Release|Any CPU
	EndGlobalSection
	GlobalSection(ProjectConfigurationPlatforms) = postSolution
		{C1EDCB14-4478-4120-98E1-41BFEDBCD9D5}.Debug|Any CPU.ActiveCfg = Debug|Any CPU
		{C1EDCB14-4478-4120-98E1-41BFEDBCD9D5}.Debug|Any CPU.Build.0 = Debug|Any CPU
		{C1EDCB14-4478-4120-98E1-41BFEDBCD9D5}.Release|Any CPU.ActiveCfg = Release|Any CPU
		{C1EDCB14-4478-4120-98E1-41BFEDBCD9D5}.Release|Any CPU.Build.0 = Release|Any CPU
	EndGlobalSection
	GlobalSection(SolutionProperties) = preSolution
		HideSolutionNode = FALSE
	EndGlobalSection
	GlobalSection(ExtensibilityGlobals) = postSolution
		SolutionGuid = {91C7DDBD-F573-4CCF-A286-5F21D2ED5081}
	EndGlobalSection
EndGlobal
