
Microsoft Visual Studio Solution File, Format Version 12.00
# Visual Studio 15
VisualStudioVersion = 15.0.27130.2027
MinimumVisualStudioVersion = 10.0.40219.1
Project("{FAE04EC0-301F-11D3-BF4B-00C04F79EFBC}") = "ConsoleAppFirst", "ConsoleAppFirst\ConsoleAppFirst.csproj", "{C83E6F9C-01D8-4741-A633-455589BE2ABE}"
EndProject
Global
	GlobalSection(SolutionConfigurationPlatforms) = preSolution
		Debug|Any CPU = Debug|Any CPU
		Release|Any CPU = Release|Any CPU
	EndGlobalSection
	GlobalSection(ProjectConfigurationPlatforms) = postSolution
		{C83E6F9C-01D8-4741-A633-455589BE2ABE}.Debug|Any CPU.ActiveCfg = Debug|Any CPU
		{C83E6F9C-01D8-4741-A633-455589BE2ABE}.Debug|Any CPU.Build.0 = Debug|Any CPU
		{C83E6F9C-01D8-4741-A633-455589BE2ABE}.Release|Any CPU.ActiveCfg = Release|Any CPU
		{C83E6F9C-01D8-4741-A633-455589BE2ABE}.Release|Any CPU.Build.0 = Release|Any CPU
	EndGlobalSection
	GlobalSection(SolutionProperties) = preSolution
		HideSolutionNode = FALSE
	EndGlobalSection
	GlobalSection(ExtensibilityGlobals) = postSolution
		SolutionGuid = {14CA739F-EFAB-49F5-9D06-1D9E2DF404A9}
	EndGlobalSection
EndGlobal
